
Microsoft Visual Studio Solution File, Format Version 12.00
# Visual Studio Version 16
VisualStudioVersion = 16.0.31702.278
MinimumVisualStudioVersion = 10.0.40219.1
Project("{9A19103F-16F7-4668-BE54-9A1E7A4F7556}") = "Oblig1Slektstre", "Oblig1Slektstre\Oblig1Slektstre.csproj", "{7D398A1E-279D-4982-A4D6-CABCADC5522F}"
EndProject
Project("{9A19103F-16F7-4668-BE54-9A1E7A4F7556}") = "ObligTest", "ObligTest\ObligTest.csproj", "{76A5D74D-D727-4767-BDF5-7935BC3BB58A}"
EndProject
Project("{FAE04EC0-301F-11D3-BF4B-00C04F79EFBC}") = "FamilyAppTest", "FamilyAppTest\FamilyAppTest.csproj", "{665D357B-87FD-45BF-B4DD-5AB001A13DF4}"
EndProject
Global
	GlobalSection(SolutionConfigurationPlatforms) = preSolution
		Debug|Any CPU = Debug|Any CPU
		Release|Any CPU = Release|Any CPU
	EndGlobalSection
	GlobalSection(ProjectConfigurationPlatforms) = postSolution
		{7D398A1E-279D-4982-A4D6-CABCADC5522F}.Debug|Any CPU.ActiveCfg = Debug|Any CPU
		{7D398A1E-279D-4982-A4D6-CABCADC5522F}.Debug|Any CPU.Build.0 = Debug|Any CPU
		{7D398A1E-279D-4982-A4D6-CABCADC5522F}.Release|Any CPU.ActiveCfg = Release|Any CPU
		{7D398A1E-279D-4982-A4D6-CABCADC5522F}.Release|Any CPU.Build.0 = Release|Any CPU
		{76A5D74D-D727-4767-BDF5-7935BC3BB58A}.Debug|Any CPU.ActiveCfg = Debug|Any CPU
		{76A5D74D-D727-4767-BDF5-7935BC3BB58A}.Debug|Any CPU.Build.0 = Debug|Any CPU
		{76A5D74D-D727-4767-BDF5-7935BC3BB58A}.Release|Any CPU.ActiveCfg = Release|Any CPU
		{76A5D74D-D727-4767-BDF5-7935BC3BB58A}.Release|Any CPU.Build.0 = Release|Any CPU
		{665D357B-87FD-45BF-B4DD-5AB001A13DF4}.Debug|Any CPU.ActiveCfg = Debug|Any CPU
		{665D357B-87FD-45BF-B4DD-5AB001A13DF4}.Debug|Any CPU.Build.0 = Debug|Any CPU
		{665D357B-87FD-45BF-B4DD-5AB001A13DF4}.Release|Any CPU.ActiveCfg = Release|Any CPU
		{665D357B-87FD-45BF-B4DD-5AB001A13DF4}.Release|Any CPU.Build.0 = Release|Any CPU
	EndGlobalSection
	GlobalSection(SolutionProperties) = preSolution
		HideSolutionNode = FALSE
	EndGlobalSection
	GlobalSection(ExtensibilityGlobals) = postSolution
		SolutionGuid = {7DE5C26A-5200-4F02-BC8D-68ADFC0F4520}
	EndGlobalSection
EndGlobal
